github.com/cihub/seelog v0.0.0-20151216151435-d2c6e5aa9fbf h1:XI2tOTCBqEnMyN2j1yPBI07yQHeywUSCEf8YWqf0oKw=
github.com/cihub/seelog v0.0.0-20151216151435-d2c6e5aa9fbf/go.mod h1:9d6lWj8KzO/fd/NrVaLscBKmPigpZpn5YawRPw+e3Yo=
github.com/davecgh/go-spew v1.1.0 h1:ZDRjVQ15GmhC3fiQ8ni8+OwkZQO4DARzQgrnXU1Liz8=
github.com/davecgh/go-spew v1.1.0/go.mod h1:J7Y8YcW2NihsgmVo/mv3lAwl/skON4iLHjSsI+c5H38=
github.com/fatih/structs v1.0.0 h1:BrX964Rv5uQ3wwS+KRUAJCBBw5PQmgJfJ6v4yly5QwU=
github.com/fatih/structs v1.0.0/go.mod h1:9NiDSp5zOcgEDl+j00MP/WkGVPOlPRLejGD8Ga6PJ7M=
github.com/frankbraun/codechain v0.0.0-20180527071116-4cc528be23cf h1:5IpOS5Qad8i4DSoaC3CDcsXfAYbI0+KIRToonaHLQlk=
github.com/frankbraun/codechain v0.0.0-20180527071116-4cc528be23cf/go.mod h1:X7f0pmEBd0vaVRzfMtrSc6pLM6JGbbfna7y8st1V6p4=
github.com/gdamore/encoding v0.0.0-20151215212835-b23993cbb635 h1:hheUEMzaOie/wKeIc1WPa7CDVuIO5hqQxjS+dwTQEnI=
github.com/gdamore/encoding v0.0.0-20151215212835-b23993cbb635/go.mod h1:yrQYJKKDTrHmbYxI7CYi+/hbdiDT2m4Hj+t0ikCjsrQ=
github.com/gdamore/tcell v1.0.0 h1:oaly4AkxvDT5ffKHV/n4L8iy6FxG2QkAVl0M6cjryuE=
github.com/gdamore/tcell v1.0.0/go.mod h1:tqyG50u7+Ctv1w5VX67kLzKcj9YXR/JSBZQq/+mLl1A=
github.com/go-sql-driver/mysql v1.3.0 h1:pgwjLi/dvffoP9aabwkT3AKpXQM93QARkjFhDDqC1UE=
github.com/go-sql-driver/mysql v1.3.0/go.mod h1:zAC/RDZ24gD3HViQzih4MyKcchzm+sOG5ZlKdlhCg5w=
github.com/gorilla/rpc v1.1.0 h1:marKfvVP0Gpd/jHlVBKCQ8RAoUPdX7K1Nuh6l1BNh7A=
github.com/gorilla/rpc v1.1.0/go.mod h1:V4h9r+4sF5HnzqbwIez0fKSpANP0zlYd3qR7p36jkTQ=
github.com/jpillora/backoff v0.0.0-20170918002102-8eab2debe79d h1:ix3WmphUvN0GDd0DO9MH0v6/5xTv+Xm1bPN+1UJn58k=
github.com/jpillora/backoff v0.0.0-20170918002102-8eab2debe79d/go.mod h1:2iMrUgbbvHEiQClaW2NsSzMyGHqN+rDFqY705q49KG0=
github.com/lucasb-eyer/go-colorful v0.0.0-20180526135729-345fbb3dbcdb h1:W9pRldEXciuQ/jOJrMjKb99npnpStT90ntbT1ujXpuo=
github.com/lucasb-eyer/go-colorful v0.0.0-20180526135729-345fbb3dbcdb/go.mod h1:NXg0ArsFk0Y01623LgUqoqcouGDB+PwCCQlrwrG6xJ4=
github.com/mattn/go-runewidth v0.0.2 h1:UnlwIPBGaTZfPQ6T1IGzPI0EkYAQmT9fAEJ/poFC63o=
github.com/mattn/go-runewidth v0.0.2/go.mod h1:LwmH8dsx7+W8Uxz3IHJYH5QSwggIsqBzpuz5H//U1FU=
github.com/mutecomm/go-sqlcipher v0.0.0-20170920224653-f799951b4ab2 h1:Q5L04ENac5Rx1K+vuxM7cjsrCgqSJNumYy3SHOQC4ec=
github.com/mutecomm/go-sqlcipher v0.0.0-20170920224653-f799951b4ab2/go.mod h1:S9Hougr2LhvUtZGY1fCTj9nr9P53lfsCCQ2XqVMFZX8=
github.com/peterh/liner v1.0.1-0.20180504030148-80ce870644db h1:Z9SacnYcbITj+RvDhSuFKGN6Lftw/VzpiomO3W/88u8=
github.com/peterh/liner v1.0.1-0.20180504030148-80ce870644db/go.mod h1:xIteQHvHuaLYG9IFj6mSxM0fCKrs34IrEQUhOYuGPHc=
github.com/pmezard/go-difflib v1.0.0 h1:4DBwDE0NGyQoBHbLQYPwSUPoCMWR5BEzIk/f1lZbAQM=
github.com/pmezard/go-difflib v1.0.0/go.mod h1:iKH77koFhYxTK1pcRnkKkqfTogsbg7gZNVY4sRDYZ/4=
github.com/ronperry/cryptoedge v0.0.0-20150815114006-cc363e290743 h1:pcIcti7s2DKfoVd+Ak0yTky9VbJv0T1ZFzQRFs9uqMw=
github.com/ronperry/cryptoedge v0.0.0-20150815114006-cc363e290743/go.mod h1:/dvkdMih3m7llill7aGjhBGFPi/k1ra1kM2OfN+Su+8=
github.com/stretchr/testify v1.2.1 h1:52QO5WkIUcHGIR7EnGagH88x1bUzqGXTC5/1bDTUQ7U=
github.com/stretchr/testify v1.2.1/go.mod h1:a8OnRcib4nhh0OaRAV+Yts87kKdq0PP7pXfy6kDkUVs=
github.com/urfave/cli v1.20.0 h1:fDqGv3UG/4jbVl/QkFwEdddtEDjh/5Ov6X+0B/3bPaw=
github.com/urfave/cli v1.20.0/go.mod h1:70zkFmudgCuE/ngEzBv17Jvp/497gISqfk5gWijbERA=
golang.org/x/crypto v0.0.0-20180527072434-ab813273cd59 h1:hk3yo72LXLapY9EXVttc3Z1rLOxT9IuAPPX3GpY2+jo=
golang.org/x/crypto v0.0.0-20180527072434-ab813273cd59/go.mod h1:6SG95UA2DQfeDnfUPMdvaQW0Q7yPrPDi9nlGo2tz2b4=
golang.org/x/net v0.0.0-20180524181706-dfa909b99c79 h1:1FDlG4HI84rVePw1/0E/crL5tt2N+1blLJpY6UZ6krs=
golang.org/x/net v0.0.0-20180524181706-dfa909b99c79/go.mod h1:mL1N/T3taQHkDXs73rZJwtUhF3w3ftmwwsq0BUmARs4=
golang.org/x/sys v0.0.0-20180525142821-c11f84a56e43 h1:PvnWIWTbA7gsEBkKjt0HV9hckYfcqYv8s/ju7ArZ0do=
golang.org/x/sys v0.0.0-20180525142821-c11f84a56e43/go.mod h1:STP8DvDyc/dI5b8T5hshtkjS+E42TnysNCUPdjciGhY=
golang.org/x/text v0.3.0 h1:g61tztE5qeGQ89tm6NTjjM9VPIm088od1l6aSorWRWg=
golang.org/x/text v0.3.0/go.mod h1:NqM8EUOU14njkJ3fqMW+pc6Ldnwhi/IjpwHt7yyuwOQ=
